
Microsoft Visual Studio Solution File, Format Version 12.00
# Visual Studio Version 17
VisualStudioVersion = 17.0.31903.59
MinimumVisualStudioVersion = 10.0.40219.1
Project("{FAE04EC0-301F-11D3-BF4B-00C04F79EFBC}") = "TicTacToe", "TicTacToe.csproj", "{F20B36A0-4EA1-4363-B7E2-82E78B47E957}"
EndProject
Global
	GlobalSection(SolutionConfigurationPlatforms) = preSolution
		Debug|Any CPU = Debug|Any CPU
		Release|Any CPU = Release|Any CPU
	EndGlobalSection
	GlobalSection(ProjectConfigurationPlatforms) = postSolution
		{F20B36A0-4EA1-4363-B7E2-82E78B47E957}.Debug|Any CPU.ActiveCfg = Debug|Any CPU
		{F20B36A0-4EA1-4363-B7E2-82E78B47E957}.Debug|Any CPU.Build.0 = Debug|Any CPU
		{F20B36A0-4EA1-4363-B7E2-82E78B47E957}.Release|Any CPU.ActiveCfg = Release|Any CPU
		{F20B36A0-4EA1-4363-B7E2-82E78B47E957}.Release|Any CPU.Build.0 = Release|Any CPU
	EndGlobalSection
	GlobalSection(SolutionProperties) = preSolution
		HideSolutionNode = FALSE
	EndGlobalSection
	GlobalSection(ExtensibilityGlobals) = postSolution
		SolutionGuid = {1C22CE07-74E5-4F26-9670-6DC9493B578F}
	EndGlobalSection
EndGlobal
